{
    "_readme": [
        "This file locks the dependencies of your project to a known state",
        "Read more about it at http://getcomposer.org/doc/01-basic-usage.md#composer-lock-the-lock-file"
    ],
    "hash": "e2e84fbd13d24227e0f87067fa475df8",
    "packages": [
        {
            "name": "cilex/cilex",
            "version": "dev-master",
            "source": {
                "type": "git",
                "url": "https://github.com/Cilex/Cilex.git",
                "reference": "89ff6b821885b3f060d77de4d55ac8b4b9b42162"
            },
            "dist": {
                "type": "zip",
                "url": "https://api.github.com/repos/Cilex/Cilex/zipball/89ff6b821885b3f060d77de4d55ac8b4b9b42162",
                "reference": "89ff6b821885b3f060d77de4d55ac8b4b9b42162",
                "shasum": ""
            },
            "require": {
                "cilex/console-service-provider": "1.*",
                "php": ">=5.3.3",
                "pimple/pimple": "1.0.*",
                "symfony/finder": "~2.1",
                "symfony/process": "~2.1"
            },
            "require-dev": {
                "phpunit/phpunit": "3.7.*",
                "symfony/validator": "~2.1"
            },
            "suggest": {
                "monolog/monolog": ">=1.0.0",
                "symfony/validator": ">=1.0.0",
                "symfony/yaml": ">=1.0.0"
            },
            "type": "library",
            "extra": {
                "branch-alias": {
                    "dev-master": "1.0-dev"
                }
            },
            "autoload": {
                "psr-0": {
                    "Cilex": "src/"
                }
            },
            "notification-url": "https://packagist.org/downloads/",
            "license": [
                "MIT"
            ],
            "authors": [
                {
                    "name": "Mike van Riel",
                    "email": "mike.vanriel@naenius.com"
                }
            ],
            "description": "The PHP micro-framework for Command line tools based on the Symfony2 Components",
            "homepage": "http://cilex.github.com",
            "keywords": [
                "cli",
                "microframework"
            ],
            "time": "2013-08-01 15:19:34"
        },
        {
            "name": "cilex/console-service-provider",
            "version": "1.0.0",
            "source": {
                "type": "git",
                "url": "https://github.com/Cilex/console-service-provider.git",
                "reference": "25ee3d1875243d38e1a3448ff94bdf944f70d24e"
            },
            "dist": {
                "type": "zip",
                "url": "https://api.github.com/repos/Cilex/console-service-provider/zipball/25ee3d1875243d38e1a3448ff94bdf944f70d24e",
                "reference": "25ee3d1875243d38e1a3448ff94bdf944f70d24e",
                "shasum": ""
            },
            "require": {
                "php": ">=5.3.3",
                "pimple/pimple": "1.*@dev",
                "symfony/console": "~2.1"
            },
            "require-dev": {
                "cilex/cilex": "1.*@dev",
                "silex/silex": "1.*@dev"
            },
            "type": "library",
            "extra": {
                "branch-alias": {
                    "dev-master": "1.0-dev"
                }
            },
            "autoload": {
                "psr-0": {
                    "Cilex\\Provider\\Console": "src"
                }
            },
            "notification-url": "https://packagist.org/downloads/",
            "license": [
                "MIT"
            ],
            "authors": [
                {
                    "name": "Beau Simensen",
                    "email": "beau@dflydev.com",
                    "homepage": "http://beausimensen.com"
                },
                {
                    "name": "Mike van Riel",
                    "email": "mike.vanriel@naenius.com"
                }
            ],
            "description": "Console Service Provider",
            "keywords": [
                "cilex",
                "console",
                "pimple",
                "service-provider",
                "silex"
            ],
            "time": "2012-12-19 10:50:58"
        },
        {
            "name": "pimple/pimple",
            "version": "v1.0.2",
            "source": {
                "type": "git",
                "url": "https://github.com/fabpot/Pimple.git",
                "reference": "ae11e57e8c2bb414b2ff93396dbbfc0eb92feb94"
            },
            "dist": {
                "type": "zip",
                "url": "https://api.github.com/repos/fabpot/Pimple/zipball/ae11e57e8c2bb414b2ff93396dbbfc0eb92feb94",
                "reference": "ae11e57e8c2bb414b2ff93396dbbfc0eb92feb94",
                "shasum": ""
            },
            "require": {
                "php": ">=5.3.0"
            },
            "type": "library",
            "extra": {
                "branch-alias": {
                    "dev-master": "1.0.x-dev"
                }
            },
            "autoload": {
                "psr-0": {
                    "Pimple": "lib/"
                }
            },
            "notification-url": "https://packagist.org/downloads/",
            "license": [
                "MIT"
            ],
            "authors": [
                {
                    "name": "Fabien Potencier",
                    "email": "fabien@symfony.com"
                }
            ],
            "description": "Pimple is a simple Dependency Injection Container for PHP 5.3",
            "homepage": "http://pimple.sensiolabs.org",
            "keywords": [
                "container",
                "dependency injection"
            ],
            "time": "2013-03-08 08:21:40"
        },
        {
            "name": "symfony/console",
            "version": "v2.3.6",
            "target-dir": "Symfony/Component/Console",
            "source": {
                "type": "git",
                "url": "https://github.com/symfony/Console.git",
                "reference": "f880062d56edefb25b36f2defa65aafe65959dc7"
            },
            "dist": {
                "type": "zip",
                "url": "https://api.github.com/repos/symfony/Console/zipball/f880062d56edefb25b36f2defa65aafe65959dc7",
                "reference": "f880062d56edefb25b36f2defa65aafe65959dc7",
                "shasum": ""
            },
            "require": {
                "php": ">=5.3.3"
            },
            "require-dev": {
                "symfony/event-dispatcher": "~2.1"
            },
            "suggest": {
                "symfony/event-dispatcher": ""
            },
            "type": "library",
            "extra": {
                "branch-alias": {
                    "dev-master": "2.3-dev"
                }
            },
            "autoload": {
                "psr-0": {
                    "Symfony\\Component\\Console\\": ""
                }
            },
            "notification-url": "https://packagist.org/downloads/",
            "license": [
                "MIT"
            ],
            "authors": [
                {
                    "name": "Fabien Potencier",
                    "email": "fabien@symfony.com"
                },
                {
                    "name": "Symfony Community",
                    "homepage": "http://symfony.com/contributors"
                }
            ],
            "description": "Symfony Console Component",
            "homepage": "http://symfony.com",
            "time": "2013-09-25 06:04:15"
        },
        {
            "name": "symfony/finder",
            "version": "v2.3.6",
            "target-dir": "Symfony/Component/Finder",
            "source": {
                "type": "git",
                "url": "https://github.com/symfony/Finder.git",
                "reference": "a175521f680b178e63c5d0ab87c6b046c0990c3f"
            },
            "dist": {
                "type": "zip",
                "url": "https://api.github.com/repos/symfony/Finder/zipball/a175521f680b178e63c5d0ab87c6b046c0990c3f",
                "reference": "a175521f680b178e63c5d0ab87c6b046c0990c3f",
                "shasum": ""
            },
            "require": {
                "php": ">=5.3.3"
            },
            "type": "library",
            "extra": {
                "branch-alias": {
                    "dev-master": "2.3-dev"
                }
            },
            "autoload": {
                "psr-0": {
                    "Symfony\\Component\\Finder\\": ""
                }
            },
            "notification-url": "https://packagist.org/downloads/",
            "license": [
                "MIT"
            ],
            "authors": [
                {
                    "name": "Fabien Potencier",
                    "email": "fabien@symfony.com"
                },
                {
                    "name": "Symfony Community",
                    "homepage": "http://symfony.com/contributors"
                }
            ],
            "description": "Symfony Finder Component",
            "homepage": "http://symfony.com",
            "time": "2013-09-19 09:45:20"
        },
        {
            "name": "symfony/process",
            "version": "v2.3.6",
            "target-dir": "Symfony/Component/Process",
            "source": {
                "type": "git",
                "url": "https://github.com/symfony/Process.git",
                "reference": "81191e354fe9dad0451036ccf0fdf283649d3f1e"
            },
            "dist": {
                "type": "zip",
                "url": "https://api.github.com/repos/symfony/Process/zipball/81191e354fe9dad0451036ccf0fdf283649d3f1e",
                "reference": "81191e354fe9dad0451036ccf0fdf283649d3f1e",
                "shasum": ""
            },
            "require": {
                "php": ">=5.3.3"
            },
            "type": "library",
            "extra": {
                "branch-alias": {
                    "dev-master": "2.3-dev"
                }
            },
            "autoload": {
                "psr-0": {
                    "Symfony\\Component\\Process\\": ""
                }
            },
            "notification-url": "https://packagist.org/downloads/",
            "license": [
                "MIT"
            ],
            "authors": [
                {
                    "name": "Fabien Potencier",
                    "email": "fabien@symfony.com"
                },
                {
                    "name": "Symfony Community",
                    "homepage": "http://symfony.com/contributors"
                }
            ],
            "description": "Symfony Process Component",
            "homepage": "http://symfony.com",
            "time": "2013-10-09 21:17:57"
        },
        {
            "name": "symfony/yaml",
            "version": "v2.3.6",
            "target-dir": "Symfony/Component/Yaml",
            "source": {
                "type": "git",
                "url": "https://github.com/symfony/Yaml.git",
                "reference": "6bb881b948368482e1abf1a75c08bcf88a1c5fc3"
            },
            "dist": {
                "type": "zip",
                "url": "https://api.github.com/repos/symfony/Yaml/zipball/6bb881b948368482e1abf1a75c08bcf88a1c5fc3",
                "reference": "6bb881b948368482e1abf1a75c08bcf88a1c5fc3",
                "shasum": ""
            },
            "require": {
                "php": ">=5.3.3"
            },
            "type": "library",
            "extra": {
                "branch-alias": {
                    "dev-master": "2.3-dev"
                }
            },
            "autoload": {
                "psr-0": {
                    "Symfony\\Component\\Yaml\\": ""
                }
            },
            "notification-url": "https://packagist.org/downloads/",
            "license": [
                "MIT"
            ],
            "authors": [
                {
                    "name": "Fabien Potencier",
                    "email": "fabien@symfony.com"
                },
                {
                    "name": "Symfony Community",
                    "homepage": "http://symfony.com/contributors"
                }
            ],
            "description": "Symfony Yaml Component",
            "homepage": "http://symfony.com",
            "time": "2013-09-22 18:04:39"
        },
        {
            "name": "ttools/ttools",
            "version": "dev-master",
            "source": {
                "type": "git",
                "url": "https://github.com/ttools/ttools.git",
                "reference": "bd87bd3c0bc597e6920eb5ef6081b9a193c92cfa"
            },
            "dist": {
                "type": "zip",
                "url": "https://api.github.com/repos/ttools/ttools/zipball/bd87bd3c0bc597e6920eb5ef6081b9a193c92cfa",
                "reference": "bd87bd3c0bc597e6920eb5ef6081b9a193c92cfa",
                "shasum": ""
            },
            "type": "library",
            "autoload": {
                "psr-0": {
                    "TTools": "src/"
                }
            },
            "notification-url": "https://packagist.org/downloads/",
            "license": [
                "MIT"
            ],
            "authors": [
                {
                    "name": "Erika Heidi",
                    "email": "erika@erikaheidi.com"
                }
            ],
            "description": "A Twitter API wrapper library",
            "homepage": "http://ttools.github.io/ttools/",
            "keywords": [
                "twitter"
            ],
            "time": "2013-11-12 15:16:34"
        }
    ],
    "packages-dev": [

    ],
    "aliases": [

    ],
    "minimum-stability": "stable",
    "stability-flags": {
        "cilex/cilex": 20,
        "ttools/ttools": 20
    },
    "platform": [

    ],
    "platform-dev": [

    ]
}
